
Microsoft Visual Studio Solution File, Format Version 12.00
# Visual Studio Version 16
VisualStudioVersion = 16.0.30104.148
MinimumVisualStudioVersion = 10.0.40219.1
Project("{9A19103F-16F7-4668-BE54-9A1E7A4F7556}") = "webapi_odata_ef", "webapi_odata_ef.csproj", "{93961C1D-444E-4138-AB60-08B68506D77F}"
EndProject
Global
	GlobalSection(SolutionConfigurationPlatforms) = preSolution
		Debug|Any CPU = Debug|Any CPU
		Release|Any CPU = Release|Any CPU
	EndGlobalSection
	GlobalSection(ProjectConfigurationPlatforms) = postSolution
		{93961C1D-444E-4138-AB60-08B68506D77F}.Debug|Any CPU.ActiveCfg = Debug|Any CPU
		{93961C1D-444E-4138-AB60-08B68506D77F}.Debug|Any CPU.Build.0 = Debug|Any CPU
		{93961C1D-444E-4138-AB60-08B68506D77F}.Release|Any CPU.ActiveCfg = Release|Any CPU
		{93961C1D-444E-4138-AB60-08B68506D77F}.Release|Any CPU.Build.0 = Release|Any CPU
	EndGlobalSection
	GlobalSection(SolutionProperties) = preSolution
		HideSolutionNode = FALSE
	EndGlobalSection
	GlobalSection(ExtensibilityGlobals) = postSolution
		SolutionGuid = {4D217F79-378A-4C91-BA57-D45982168D8C}
	EndGlobalSection
EndGlobal
