
Microsoft Visual Studio Solution File, Format Version 12.00
# Visual Studio Version 16
VisualStudioVersion = 16.0.30503.244
MinimumVisualStudioVersion = 10.0.40219.1
Project("{9A19103F-16F7-4668-BE54-9A1E7A4F7556}") = "ClienteOData", "ClienteOData\ClienteOData.csproj", "{3B837F67-3AB5-4486-930E-84BCA314B660}"
EndProject
Project("{9A19103F-16F7-4668-BE54-9A1E7A4F7556}") = "webapi_odata_ef", "ServerOData\webapi_odata_ef.csproj", "{4981F67D-FABF-4CEB-B7AD-EE39FA1E803F}"
EndProject
Global
	GlobalSection(SolutionConfigurationPlatforms) = preSolution
		Debug|Any CPU = Debug|Any CPU
		Release|Any CPU = Release|Any CPU
	EndGlobalSection
	GlobalSection(ProjectConfigurationPlatforms) = postSolution
		{3B837F67-3AB5-4486-930E-84BCA314B660}.Debug|Any CPU.ActiveCfg = Debug|Any CPU
		{3B837F67-3AB5-4486-930E-84BCA314B660}.Debug|Any CPU.Build.0 = Debug|Any CPU
		{3B837F67-3AB5-4486-930E-84BCA314B660}.Release|Any CPU.ActiveCfg = Release|Any CPU
		{3B837F67-3AB5-4486-930E-84BCA314B660}.Release|Any CPU.Build.0 = Release|Any CPU
		{4981F67D-FABF-4CEB-B7AD-EE39FA1E803F}.Debug|Any CPU.ActiveCfg = Debug|Any CPU
		{4981F67D-FABF-4CEB-B7AD-EE39FA1E803F}.Debug|Any CPU.Build.0 = Debug|Any CPU
		{4981F67D-FABF-4CEB-B7AD-EE39FA1E803F}.Release|Any CPU.ActiveCfg = Release|Any CPU
		{4981F67D-FABF-4CEB-B7AD-EE39FA1E803F}.Release|Any CPU.Build.0 = Release|Any CPU
	EndGlobalSection
	GlobalSection(SolutionProperties) = preSolution
		HideSolutionNode = FALSE
	EndGlobalSection
	GlobalSection(ExtensibilityGlobals) = postSolution
		SolutionGuid = {EE7EE512-311C-4941-B399-4F8EF03F5A80}
	EndGlobalSection
EndGlobal
